
Microsoft Visual Studio Solution File, Format Version 12.00
# Visual Studio 15
VisualStudioVersion = 15.0.28307.271
MinimumVisualStudioVersion = 10.0.40219.1
Project("{FAE04EC0-301F-11D3-BF4B-00C04F79EFBC}") = "CafeChallenge", "CafeChallenge\CafeChallenge.csproj", "{477C2278-365D-4ED1-854D-C5EFDBBBEC94}"
EndProject
Project("{FAE04EC0-301F-11D3-BF4B-00C04F79EFBC}") = "ClaimChallenge", "ClaimChallenge\ClaimChallenge.csproj", "{D3BCA69B-45BD-4C30-BE6F-D884A83EF670}"
EndProject
Project("{FAE04EC0-301F-11D3-BF4B-00C04F79EFBC}") = "OutingChallenge", "OutingChallenge\OutingChallenge.csproj", "{ED75143A-BA3B-4E84-B116-7261E9D2F624}"
EndProject
Project("{FAE04EC0-301F-11D3-BF4B-00C04F79EFBC}") = "BakeryChallenge", "Bakery_Challenge\BakeryChallenge.csproj", "{BA00EEAD-4FC4-46D6-989A-F7A005239D19}"
EndProject
Project("{FAE04EC0-301F-11D3-BF4B-00C04F79EFBC}") = "BadgeChallenge", "BadgeChallenge\BadgeChallenge.csproj", "{ECC2BD12-57CC-4F0C-9607-13D6902CDA9C}"
EndProject
Project("{FAE04EC0-301F-11D3-BF4B-00C04F79EFBC}") = "EmailChallenge", "EmailChallenge\EmailChallenge.csproj", "{D0BC1A25-8532-4D39-83DB-87062FC76EE3}"
EndProject
Project("{FAE04EC0-301F-11D3-BF4B-00C04F79EFBC}") = "GreenPlanChallenge", "GreenPlanChallenge\GreenPlanChallenge.csproj", "{C493EF61-F9E7-4C0E-85C0-9AB65F6554C1}"
EndProject
Project("{FAE04EC0-301F-11D3-BF4B-00C04F79EFBC}") = "BarbecueChallenge", "BarbecueChallenge\BarbecueChallenge.csproj", "{D8FEC0D2-A70C-4335-BB86-94CC2C49D3ED}"
EndProject
Project("{FAE04EC0-301F-11D3-BF4B-00C04F79EFBC}") = "InsuranceChallenge", "InsuranceChallenge\InsuranceChallenge.csproj", "{2068602F-1CED-4D90-88D8-66F999179D3C}"
EndProject
Global
	GlobalSection(SolutionConfigurationPlatforms) = preSolution
		Debug|Any CPU = Debug|Any CPU
		Release|Any CPU = Release|Any CPU
	EndGlobalSection
	GlobalSection(ProjectConfigurationPlatforms) = postSolution
		{477C2278-365D-4ED1-854D-C5EFDBBBEC94}.Debug|Any CPU.ActiveCfg = Debug|Any CPU
		{477C2278-365D-4ED1-854D-C5EFDBBBEC94}.Debug|Any CPU.Build.0 = Debug|Any CPU
		{477C2278-365D-4ED1-854D-C5EFDBBBEC94}.Release|Any CPU.ActiveCfg = Release|Any CPU
		{477C2278-365D-4ED1-854D-C5EFDBBBEC94}.Release|Any CPU.Build.0 = Release|Any CPU
		{D3BCA69B-45BD-4C30-BE6F-D884A83EF670}.Debug|Any CPU.ActiveCfg = Debug|Any CPU
		{D3BCA69B-45BD-4C30-BE6F-D884A83EF670}.Debug|Any CPU.Build.0 = Debug|Any CPU
		{D3BCA69B-45BD-4C30-BE6F-D884A83EF670}.Release|Any CPU.ActiveCfg = Release|Any CPU
		{D3BCA69B-45BD-4C30-BE6F-D884A83EF670}.Release|Any CPU.Build.0 = Release|Any CPU
		{ED75143A-BA3B-4E84-B116-7261E9D2F624}.Debug|Any CPU.ActiveCfg = Debug|Any CPU
		{ED75143A-BA3B-4E84-B116-7261E9D2F624}.Debug|Any CPU.Build.0 = Debug|Any CPU
		{ED75143A-BA3B-4E84-B116-7261E9D2F624}.Release|Any CPU.ActiveCfg = Release|Any CPU
		{ED75143A-BA3B-4E84-B116-7261E9D2F624}.Release|Any CPU.Build.0 = Release|Any CPU
		{BA00EEAD-4FC4-46D6-989A-F7A005239D19}.Debug|Any CPU.ActiveCfg = Debug|Any CPU
		{BA00EEAD-4FC4-46D6-989A-F7A005239D19}.Debug|Any CPU.Build.0 = Debug|Any CPU
		{BA00EEAD-4FC4-46D6-989A-F7A005239D19}.Release|Any CPU.ActiveCfg = Release|Any CPU
		{BA00EEAD-4FC4-46D6-989A-F7A005239D19}.Release|Any CPU.Build.0 = Release|Any CPU
		{ECC2BD12-57CC-4F0C-9607-13D6902CDA9C}.Debug|Any CPU.ActiveCfg = Debug|Any CPU
		{ECC2BD12-57CC-4F0C-9607-13D6902CDA9C}.Debug|Any CPU.Build.0 = Debug|Any CPU
		{ECC2BD12-57CC-4F0C-9607-13D6902CDA9C}.Release|Any CPU.ActiveCfg = Release|Any CPU
		{ECC2BD12-57CC-4F0C-9607-13D6902CDA9C}.Release|Any CPU.Build.0 = Release|Any CPU
		{D0BC1A25-8532-4D39-83DB-87062FC76EE3}.Debug|Any CPU.ActiveCfg = Debug|Any CPU
		{D0BC1A25-8532-4D39-83DB-87062FC76EE3}.Debug|Any CPU.Build.0 = Debug|Any CPU
		{D0BC1A25-8532-4D39-83DB-87062FC76EE3}.Release|Any CPU.ActiveCfg = Release|Any CPU
		{D0BC1A25-8532-4D39-83DB-87062FC76EE3}.Release|Any CPU.Build.0 = Release|Any CPU
		{C493EF61-F9E7-4C0E-85C0-9AB65F6554C1}.Debug|Any CPU.ActiveCfg = Debug|Any CPU
		{C493EF61-F9E7-4C0E-85C0-9AB65F6554C1}.Debug|Any CPU.Build.0 = Debug|Any CPU
		{C493EF61-F9E7-4C0E-85C0-9AB65F6554C1}.Release|Any CPU.ActiveCfg = Release|Any CPU
		{C493EF61-F9E7-4C0E-85C0-9AB65F6554C1}.Release|Any CPU.Build.0 = Release|Any CPU
		{D8FEC0D2-A70C-4335-BB86-94CC2C49D3ED}.Debug|Any CPU.ActiveCfg = Debug|Any CPU
		{D8FEC0D2-A70C-4335-BB86-94CC2C49D3ED}.Debug|Any CPU.Build.0 = Debug|Any CPU
		{D8FEC0D2-A70C-4335-BB86-94CC2C49D3ED}.Release|Any CPU.ActiveCfg = Release|Any CPU
		{D8FEC0D2-A70C-4335-BB86-94CC2C49D3ED}.Release|Any CPU.Build.0 = Release|Any CPU
		{2068602F-1CED-4D90-88D8-66F999179D3C}.Debug|Any CPU.ActiveCfg = Debug|Any CPU
		{2068602F-1CED-4D90-88D8-66F999179D3C}.Debug|Any CPU.Build.0 = Debug|Any CPU
		{2068602F-1CED-4D90-88D8-66F999179D3C}.Release|Any CPU.ActiveCfg = Release|Any CPU
		{2068602F-1CED-4D90-88D8-66F999179D3C}.Release|Any CPU.Build.0 = Release|Any CPU
	EndGlobalSection
	GlobalSection(SolutionProperties) = preSolution
		HideSolutionNode = FALSE
	EndGlobalSection
	GlobalSection(ExtensibilityGlobals) = postSolution
		SolutionGuid = {6EF81236-7C99-4E16-962B-13D722757A87}
	EndGlobalSection
EndGlobal
